
Microsoft Visual Studio Solution File, Format Version 12.00
# Visual Studio Version 16
VisualStudioVersion = 16.0.30114.105
MinimumVisualStudioVersion = 10.0.40219.1
Project("{FAE04EC0-301F-11D3-BF4B-00C04F79EFBC}") = "projectBackend", "projectBackend\projectBackend.csproj", "{B0EA499F-7C07-495E-94B3-B0DC17FA7D30}"
EndProject
Global
	GlobalSection(SolutionConfigurationPlatforms) = preSolution
		Debug|Any CPU = Debug|Any CPU
		Release|Any CPU = Release|Any CPU
	EndGlobalSection
	GlobalSection(ProjectConfigurationPlatforms) = postSolution
		{B0EA499F-7C07-495E-94B3-B0DC17FA7D30}.Debug|Any CPU.ActiveCfg = Debug|Any CPU
		{B0EA499F-7C07-495E-94B3-B0DC17FA7D30}.Debug|Any CPU.Build.0 = Debug|Any CPU
		{B0EA499F-7C07-495E-94B3-B0DC17FA7D30}.Release|Any CPU.ActiveCfg = Release|Any CPU
		{B0EA499F-7C07-495E-94B3-B0DC17FA7D30}.Release|Any CPU.Build.0 = Release|Any CPU
	EndGlobalSection
	GlobalSection(SolutionProperties) = preSolution
		HideSolutionNode = FALSE
	EndGlobalSection
	GlobalSection(ExtensibilityGlobals) = postSolution
		SolutionGuid = {12DD3C96-850D-401C-ADC7-E70DB4E50904}
	EndGlobalSection
EndGlobal
